{
  "version": 4,
  "terraform_version": "1.13.4",
  "serial": 1,
  "lineage": "0b6fb928-34a6-d4de-520e-7aee6cddc32e",
  "outputs": {},
  "resources": [
    {
      "mode": "managed",
      "type": "local_file",
      "name": "create_file",
      "provider": "provider[\"registry.terraform.io/hashicorp/local\"]",
      "instances": [
        {
          "schema_version": 0,
          "attributes": {
            "content": "This is a sample file",
            "content_base64": null,
            "content_base64sha256": "13AkGhfXsENXAFd2DWDIj0lhCISWclVOIkmmzb8WX+g=",
            "content_base64sha512": "hU3AOl50Hb9yyt0afGNWI0L9ttZ8ja7KDd402wMZKPMNObshoiKlRzchXHVxNXoszPyL0TThYVTfNWjw2ktmbA==",
            "content_md5": "4c62e6c37108c7c980bb7e8b0a204869",
            "content_sha1": "75f3ab0ab11a21b8e468fd018156b42d45b35e0e",
            "content_sha256": "d770241a17d7b043570057760d60c88f496108849672554e2249a6cdbf165fe8",
            "content_sha512": "854dc03a5e741dbf72cadd1a7c63562342fdb6d67c8daeca0dde34db031928f30d39bb21a222a54737215c7571357a2cccfc8bd134e16154df3568f0da4b666c",
            "directory_permission": "0777",
            "file_permission": "0777",
            "filename": "./new file.txt",
            "id": "75f3ab0ab11a21b8e468fd018156b42d45b35e0e",
            "sensitive_content": null,
            "source": null
          },
          "sensitive_attributes": [
            [
              {
                "type": "get_attr",
                "value": "sensitive_content"
              }
            ]
          ],
          "identity_schema_version": 0
        }
      ]
    }
  ],
  "check_results": null
}
